{
  "name": "kakeibo_gas",
  "lockfileVersion": 3,
  "requires": true,
  "packages": {
    "": {
      "dependencies": {
        "@types/google-apps-script": "^1.0.92"
      },
      "devDependencies": {
        "prettier": "^3.4.2"
      }
    },
    "node_modules/@types/google-apps-script": {
      "version": "1.0.92",
      "resolved": "https://registry.npmjs.org/@types/google-apps-script/-/google-apps-script-1.0.92.tgz",
      "integrity": "sha512-QWkcGH0Ll0NjPXfnMuMT1rH3ics/6s9DKZiAB8pQIZNfSrRaJIqoChOuR7Sr+n5oe5XF1NPJ4RVPE3Bvfh9heQ==",
      "license": "MIT"
    },
    "node_modules/prettier": {
      "version": "3.4.2",
      "resolved": "https://registry.npmjs.org/prettier/-/prettier-3.4.2.tgz",
      "integrity": "sha512-e9MewbtFo+Fevyuxn/4rrcDAaq0IYxPGLvObpQjiZBMAzB9IGmzlnG9RZy3FFas+eBMu2vA0CszMeduow5dIuQ==",
      "dev": true,
      "license": "MIT",
      "bin": {
        "prettier": "bin/prettier.cjs"
      },
      "engines": {
        "node": ">=14"
      },
      "funding": {
        "url": "https://github.com/prettier/prettier?sponsor=1"
      }
    }
  }
}
